
Microsoft Visual Studio Solution File, Format Version 12.00
# Visual Studio Version 16
VisualStudioVersion = 16.0.30621.155
MinimumVisualStudioVersion = 10.0.40219.1
Project("{FAE04EC0-301F-11D3-BF4B-00C04F79EFBC}") = "My.Activities.TypeCell", "My.Activities.TypeCell\My.Activities.TypeCell.csproj", "{89159918-5D02-4E69-92CC-35EDDF03FDAF}"
EndProject
Global
	GlobalSection(SolutionConfigurationPlatforms) = preSolution
		Debug|Any CPU = Debug|Any CPU
		Release|Any CPU = Release|Any CPU
	EndGlobalSection
	GlobalSection(ProjectConfigurationPlatforms) = postSolution
		{89159918-5D02-4E69-92CC-35EDDF03FDAF}.Debug|Any CPU.ActiveCfg = Debug|Any CPU
		{89159918-5D02-4E69-92CC-35EDDF03FDAF}.Debug|Any CPU.Build.0 = Debug|Any CPU
		{89159918-5D02-4E69-92CC-35EDDF03FDAF}.Release|Any CPU.ActiveCfg = Release|Any CPU
		{89159918-5D02-4E69-92CC-35EDDF03FDAF}.Release|Any CPU.Build.0 = Release|Any CPU
	EndGlobalSection
	GlobalSection(SolutionProperties) = preSolution
		HideSolutionNode = FALSE
	EndGlobalSection
	GlobalSection(ExtensibilityGlobals) = postSolution
		SolutionGuid = {8702F207-6C2B-4E59-B7CF-CED7F95D62B8}
	EndGlobalSection
EndGlobal
